
Microsoft Visual Studio Solution File, Format Version 12.00
# Visual Studio Version 16
VisualStudioVersion = 16.0.30503.244
MinimumVisualStudioVersion = 10.0.40219.1
Project("{FAE04EC0-301F-11D3-BF4B-00C04F79EFBC}") = "elektronik_directory_Mordak_10-V", "elektronik_directory_Mordak_10-V\elektronik_directory_Mordak_10-V.csproj", "{BFCE3AC8-8431-4641-95EB-AC8618DE2265}"
EndProject
Global
	GlobalSection(SolutionConfigurationPlatforms) = preSolution
		Debug|Any CPU = Debug|Any CPU
		Release|Any CPU = Release|Any CPU
	EndGlobalSection
	GlobalSection(ProjectConfigurationPlatforms) = postSolution
		{BFCE3AC8-8431-4641-95EB-AC8618DE2265}.Debug|Any CPU.ActiveCfg = Debug|Any CPU
		{BFCE3AC8-8431-4641-95EB-AC8618DE2265}.Debug|Any CPU.Build.0 = Debug|Any CPU
		{BFCE3AC8-8431-4641-95EB-AC8618DE2265}.Release|Any CPU.ActiveCfg = Release|Any CPU
		{BFCE3AC8-8431-4641-95EB-AC8618DE2265}.Release|Any CPU.Build.0 = Release|Any CPU
	EndGlobalSection
	GlobalSection(SolutionProperties) = preSolution
		HideSolutionNode = FALSE
	EndGlobalSection
	GlobalSection(ExtensibilityGlobals) = postSolution
		SolutionGuid = {0F7FDE7F-400A-424F-A745-85694D8494AB}
	EndGlobalSection
EndGlobal
